
Microsoft Visual Studio Solution File, Format Version 12.00
# Visual Studio Version 17
VisualStudioVersion = 17.7.34202.233
MinimumVisualStudioVersion = 10.0.40219.1
Project("{FAE04EC0-301F-11D3-BF4B-00C04F79EFBC}") = "Proyecto", "Proyecto.csproj", "{DF28C46E-AAA5-4580-912C-3F06F228B8FD}"
EndProject
Global
	GlobalSection(SolutionConfigurationPlatforms) = preSolution
		Debug|Any CPU = Debug|Any CPU
		Release|Any CPU = Release|Any CPU
	EndGlobalSection
	GlobalSection(ProjectConfigurationPlatforms) = postSolution
		{DF28C46E-AAA5-4580-912C-3F06F228B8FD}.Debug|Any CPU.ActiveCfg = Debug|Any CPU
		{DF28C46E-AAA5-4580-912C-3F06F228B8FD}.Debug|Any CPU.Build.0 = Debug|Any CPU
		{DF28C46E-AAA5-4580-912C-3F06F228B8FD}.Release|Any CPU.ActiveCfg = Release|Any CPU
		{DF28C46E-AAA5-4580-912C-3F06F228B8FD}.Release|Any CPU.Build.0 = Release|Any CPU
	EndGlobalSection
	GlobalSection(SolutionProperties) = preSolution
		HideSolutionNode = FALSE
	EndGlobalSection
	GlobalSection(ExtensibilityGlobals) = postSolution
		SolutionGuid = {C49714D2-E00E-42CF-A555-10CC9D7DB3D6}
	EndGlobalSection
EndGlobal
